# This file is automatically @generated by Poetry 2.1.1 and should not be changed by hand.

[[package]]
name = "alabaster"
version = "0.7.16"
description = "A light, configurable Sphinx theme"
optional = false
python-versions = ">=3.9"
groups = ["dev"]
files = [
    {file = "alabaster-0.7.16-py3-none-any.whl", hash = "sha256:b46733c07dce03ae4e150330b975c75737fa60f0a7c591b6c8bf4928a28e2c92"},
    {file = "alabaster-0.7.16.tar.gz", hash = "sha256:75a8b99c28a5dad50dd7f8ccdd447a121ddb3892da9e53d1ca5cca3106d58d65"},
]

[[package]]
name = "annotated-types"
version = "0.7.0"
description = "Reusable constraint types to use with typing.Annotated"
optional = false
python-versions = ">=3.8"
groups = ["linting"]
files = [
    {file = "annotated_types-0.7.0-py3-none-any.whl", hash = "sha256:1f02e8b43a8fbbc3f3e0d4f0f4bfc8131bcb4eebe8849b8e5c773f3a1c582a53"},
    {file = "annotated_types-0.7.0.tar.gz", hash = "sha256:aff07c09a53a08bc8cfccb9c85b05f1aa9a2a6f23728d790723543408344ce89"},
]

[[package]]
name = "autopep8"
version = "2.3.2"
description = "A tool that automatically formats Python code to conform to the PEP 8 style guide"
optional = false
python-versions = ">=3.9"
groups = ["dev"]
files = [
    {file = "autopep8-2.3.2-py2.py3-none-any.whl", hash = "sha256:ce8ad498672c845a0c3de2629c15b635ec2b05ef8177a6e7c91c74f3e9b51128"},
    {file = "autopep8-2.3.2.tar.gz", hash = "sha256:89440a4f969197b69a995e4ce0661b031f455a9f776d2c5ba3dbd83466931758"},
]

[package.dependencies]
pycodestyle = ">=2.12.0"
tomli = {version = "*", markers = "python_version < \"3.11\""}

[metadata]
lock-version = "2.1"
python-versions = "^3.9"
content-hash = "f64c322b0824ab694a476a9ff492a6b739c5d466acb9e4f7cce96a5bf7cb3069"
