# This file is automatically @generated by Poetry and should not be changed by hand.

[[package]]
name = "anyio"
version = "2.2.0"
description = "High level compatibility layer for multiple asynchronous event loop implementations"
category = "main"
optional = false
python-versions = ">=3.6.2"

[package.dependencies]
idna = ">=2.8"
sniffio = ">=1.1"

[[package]]
name = "async-generator"
version = "1.10"
description = "Async generators and context managers for Python 3.5+"
category = "main"
optional = false
python-versions = ">=3.5"

[[package]]
name = "rmfuse"
version = "0.1.0"
description = "Mount your reMarkable Cloud files as a virtual filesystem"
category = "main"
optional = false
python-versions = ">=3.7,<4.0"
develop = false

[package.dependencies]
anyio = ">=2.0,<3.0"

[package.source]
type = "git"
url = "https://github.com/rschroll/rmfuse.git"
reference = "master"
resolved_reference = "fca03bcdd6dc118f2ba981410ec9dff7f7cb88ec"

[metadata]
lock-version = "1.1"
python-versions = "^3.8"
content-hash = "3da90f3013f1220c9081c0a11dac7d8cd05c5a47ebda40fbb4357e44503e99a3"

[metadata.files]
anyio = [
    {file = "anyio-2.2.0-py3-none-any.whl", hash = "sha256:aa3da546ed17f097ca876c78024dea380a3b7fa80759abfdda59f12176a3dac8"},
    {file = "anyio-2.2.0.tar.gz", hash = "sha256:4a41c5b3a65ed92e469d51b6fba3779301850ea2e352afcf9e36c46f21ee14a9"},
]
async-generator = [
    {file = "async_generator-1.10-py3-none-any.whl", hash = "sha256:01c7bf666359b4967d2cda0000cc2e4af16a0ae098cbffcb8472fb9e8ad6585b"},
    {file = "async_generator-1.10.tar.gz", hash = "sha256:6ebb3d106c12920aaae42ccb6f787ef5eefdcdd166ea3d628fa8476abe712144"},
]
rmfuse = []
